
Microsoft Visual Studio Solution File, Format Version 12.00
# Visual Studio Version 16
VisualStudioVersion = 16.0.32126.315
MinimumVisualStudioVersion = 10.0.40219.1
Project("{FAE04EC0-301F-11D3-BF4B-00C04F79EFBC}") = "mvcapp", "WebApplication1\mvcapp.csproj", "{A84FD64B-4C06-4B80-B5DC-9C987E8A5DEC}"
EndProject
Project("{FAE04EC0-301F-11D3-BF4B-00C04F79EFBC}") = "mvcdemotest", "mvcdemotest\mvcdemotest.csproj", "{4FAD3D9B-E63A-4143-A8AF-E4248130CB97}"
EndProject
Project("{FAE04EC0-301F-11D3-BF4B-00C04F79EFBC}") = "testapp2", "testapp2\testapp2.csproj", "{4249D50A-AA65-4890-B202-DF477ABCE6AF}"
EndProject
Project("{FAE04EC0-301F-11D3-BF4B-00C04F79EFBC}") = "ExampleforEntityframework", "ExampleforEntityframework\ExampleforEntityframework.csproj", "{C2191609-CBD7-40B6-8968-67DA8F8712D0}"
EndProject
Project("{FAE04EC0-301F-11D3-BF4B-00C04F79EFBC}") = "DBfirstexample", "DBfirstexample\DBfirstexample.csproj", "{81DAFB64-E32B-4307-94B7-EF57BF0EDC73}"
EndProject
Project("{FAE04EC0-301F-11D3-BF4B-00C04F79EFBC}") = "Filtersexamples", "Filtersexamples\Filtersexamples.csproj", "{14C4E7EF-38A4-43BF-9818-6696C677C7FB}"
EndProject
Project("{FAE04EC0-301F-11D3-BF4B-00C04F79EFBC}") = "test2-Identity", "test2\test2-Identity.csproj", "{457E8E52-CBF8-4810-8041-89438F0A3B84}"
EndProject
Project("{FAE04EC0-301F-11D3-BF4B-00C04F79EFBC}") = "ASPIdentity", "ASPIdentity\ASPIdentity.csproj", "{537FCD34-F4CF-41BA-A1D6-97B22F96C51C}"
EndProject
Project("{FAE04EC0-301F-11D3-BF4B-00C04F79EFBC}") = "JavaScriptexamples", "JavaScriptexamples\JavaScriptexamples.csproj", "{86BD38E8-C89A-4A5F-9038-3A9298761030}"
EndProject
Project("{FAE04EC0-301F-11D3-BF4B-00C04F79EFBC}") = "AreasMVCTest", "AreasMVCTest\AreasMVCTest.csproj", "{979892A4-4D0E-41E5-90E7-12174CB150BA}"
EndProject
Project("{FAE04EC0-301F-11D3-BF4B-00C04F79EFBC}") = "demotest3", "demotest3\demotest3.csproj", "{0A63497D-0CA2-4A41-9CC3-2396F677FD46}"
EndProject
Project("{FAE04EC0-301F-11D3-BF4B-00C04F79EFBC}") = "WEBAPIDEMO", "WEBAPIDEMO\WEBAPIDEMO.csproj", "{993B439D-6040-4702-BBA7-8788164F7AC5}"
EndProject
Global
	GlobalSection(SolutionConfigurationPlatforms) = preSolution
		Debug|Any CPU = Debug|Any CPU
		Release|Any CPU = Release|Any CPU
	EndGlobalSection
	GlobalSection(ProjectConfigurationPlatforms) = postSolution
		{A84FD64B-4C06-4B80-B5DC-9C987E8A5DEC}.Debug|Any CPU.ActiveCfg = Debug|Any CPU
		{A84FD64B-4C06-4B80-B5DC-9C987E8A5DEC}.Debug|Any CPU.Build.0 = Debug|Any CPU
		{A84FD64B-4C06-4B80-B5DC-9C987E8A5DEC}.Release|Any CPU.ActiveCfg = Release|Any CPU
		{A84FD64B-4C06-4B80-B5DC-9C987E8A5DEC}.Release|Any CPU.Build.0 = Release|Any CPU
		{4FAD3D9B-E63A-4143-A8AF-E4248130CB97}.Debug|Any CPU.ActiveCfg = Debug|Any CPU
		{4FAD3D9B-E63A-4143-A8AF-E4248130CB97}.Debug|Any CPU.Build.0 = Debug|Any CPU
		{4FAD3D9B-E63A-4143-A8AF-E4248130CB97}.Release|Any CPU.ActiveCfg = Release|Any CPU
		{4FAD3D9B-E63A-4143-A8AF-E4248130CB97}.Release|Any CPU.Build.0 = Release|Any CPU
		{4249D50A-AA65-4890-B202-DF477ABCE6AF}.Debug|Any CPU.ActiveCfg = Debug|Any CPU
		{4249D50A-AA65-4890-B202-DF477ABCE6AF}.Debug|Any CPU.Build.0 = Debug|Any CPU
		{4249D50A-AA65-4890-B202-DF477ABCE6AF}.Release|Any CPU.ActiveCfg = Release|Any CPU
		{4249D50A-AA65-4890-B202-DF477ABCE6AF}.Release|Any CPU.Build.0 = Release|Any CPU
		{C2191609-CBD7-40B6-8968-67DA8F8712D0}.Debug|Any CPU.ActiveCfg = Debug|Any CPU
		{C2191609-CBD7-40B6-8968-67DA8F8712D0}.Debug|Any CPU.Build.0 = Debug|Any CPU
		{C2191609-CBD7-40B6-8968-67DA8F8712D0}.Release|Any CPU.ActiveCfg = Release|Any CPU
		{C2191609-CBD7-40B6-8968-67DA8F8712D0}.Release|Any CPU.Build.0 = Release|Any CPU
		{81DAFB64-E32B-4307-94B7-EF57BF0EDC73}.Debug|Any CPU.ActiveCfg = Debug|Any CPU
		{81DAFB64-E32B-4307-94B7-EF57BF0EDC73}.Debug|Any CPU.Build.0 = Debug|Any CPU
		{81DAFB64-E32B-4307-94B7-EF57BF0EDC73}.Release|Any CPU.ActiveCfg = Release|Any CPU
		{81DAFB64-E32B-4307-94B7-EF57BF0EDC73}.Release|Any CPU.Build.0 = Release|Any CPU
		{14C4E7EF-38A4-43BF-9818-6696C677C7FB}.Debug|Any CPU.ActiveCfg = Debug|Any CPU
		{14C4E7EF-38A4-43BF-9818-6696C677C7FB}.Debug|Any CPU.Build.0 = Debug|Any CPU
		{14C4E7EF-38A4-43BF-9818-6696C677C7FB}.Release|Any CPU.ActiveCfg = Release|Any CPU
		{14C4E7EF-38A4-43BF-9818-6696C677C7FB}.Release|Any CPU.Build.0 = Release|Any CPU
		{457E8E52-CBF8-4810-8041-89438F0A3B84}.Debug|Any CPU.ActiveCfg = Debug|Any CPU
		{457E8E52-CBF8-4810-8041-89438F0A3B84}.Debug|Any CPU.Build.0 = Debug|Any CPU
		{457E8E52-CBF8-4810-8041-89438F0A3B84}.Release|Any CPU.ActiveCfg = Release|Any CPU
		{457E8E52-CBF8-4810-8041-89438F0A3B84}.Release|Any CPU.Build.0 = Release|Any CPU
		{537FCD34-F4CF-41BA-A1D6-97B22F96C51C}.Debug|Any CPU.ActiveCfg = Debug|Any CPU
		{537FCD34-F4CF-41BA-A1D6-97B22F96C51C}.Debug|Any CPU.Build.0 = Debug|Any CPU
		{537FCD34-F4CF-41BA-A1D6-97B22F96C51C}.Release|Any CPU.ActiveCfg = Release|Any CPU
		{537FCD34-F4CF-41BA-A1D6-97B22F96C51C}.Release|Any CPU.Build.0 = Release|Any CPU
		{86BD38E8-C89A-4A5F-9038-3A9298761030}.Debug|Any CPU.ActiveCfg = Debug|Any CPU
		{86BD38E8-C89A-4A5F-9038-3A9298761030}.Debug|Any CPU.Build.0 = Debug|Any CPU
		{86BD38E8-C89A-4A5F-9038-3A9298761030}.Release|Any CPU.ActiveCfg = Release|Any CPU
		{86BD38E8-C89A-4A5F-9038-3A9298761030}.Release|Any CPU.Build.0 = Release|Any CPU
		{979892A4-4D0E-41E5-90E7-12174CB150BA}.Debug|Any CPU.ActiveCfg = Debug|Any CPU
		{979892A4-4D0E-41E5-90E7-12174CB150BA}.Debug|Any CPU.Build.0 = Debug|Any CPU
		{979892A4-4D0E-41E5-90E7-12174CB150BA}.Release|Any CPU.ActiveCfg = Release|Any CPU
		{979892A4-4D0E-41E5-90E7-12174CB150BA}.Release|Any CPU.Build.0 = Release|Any CPU
		{0A63497D-0CA2-4A41-9CC3-2396F677FD46}.Debug|Any CPU.ActiveCfg = Debug|Any CPU
		{0A63497D-0CA2-4A41-9CC3-2396F677FD46}.Debug|Any CPU.Build.0 = Debug|Any CPU
		{0A63497D-0CA2-4A41-9CC3-2396F677FD46}.Release|Any CPU.ActiveCfg = Release|Any CPU
		{0A63497D-0CA2-4A41-9CC3-2396F677FD46}.Release|Any CPU.Build.0 = Release|Any CPU
		{993B439D-6040-4702-BBA7-8788164F7AC5}.Debug|Any CPU.ActiveCfg = Debug|Any CPU
		{993B439D-6040-4702-BBA7-8788164F7AC5}.Debug|Any CPU.Build.0 = Debug|Any CPU
		{993B439D-6040-4702-BBA7-8788164F7AC5}.Release|Any CPU.ActiveCfg = Release|Any CPU
		{993B439D-6040-4702-BBA7-8788164F7AC5}.Release|Any CPU.Build.0 = Release|Any CPU
	EndGlobalSection
	GlobalSection(SolutionProperties) = preSolution
		HideSolutionNode = FALSE
	EndGlobalSection
	GlobalSection(ExtensibilityGlobals) = postSolution
		SolutionGuid = {9A1AB1AB-B284-455F-B909-1AFA972D9F2E}
	EndGlobalSection
EndGlobal
